{
  "requires": true,
  "lockfileVersion": 1,
  "dependencies": {
    "cached-iterable": {
      "version": "0.3.0",
      "resolved": "https://registry.npmjs.org/cached-iterable/-/cached-iterable-0.3.0.tgz",
      "integrity": "sha512-MDqM6TpBVebZD4UDtmlFp8EjVtRcsB6xt9aRdWymjk0fWVUUGgmt/V7o0H0gkI2Tkvv8B0ucjidZm4mLosdlWw=="
    }
  }
}
